
Microsoft Visual Studio Solution File, Format Version 12.00
# Visual Studio Version 16
VisualStudioVersion = 16.0.28922.388
MinimumVisualStudioVersion = 10.0.40219.1
Project("{FAE04EC0-301F-11D3-BF4B-00C04F79EFBC}") = "_01_前一天复习", "_01_前一天复习\_01_前一天复习.csproj", "{BD8D8724-CA5A-45ED-86B6-E15DA2DBD989}"
EndProject
Global
	GlobalSection(SolutionConfigurationPlatforms) = preSolution
		Debug|Any CPU = Debug|Any CPU
		Release|Any CPU = Release|Any CPU
	EndGlobalSection
	GlobalSection(ProjectConfigurationPlatforms) = postSolution
		{BD8D8724-CA5A-45ED-86B6-E15DA2DBD989}.Debug|Any CPU.ActiveCfg = Debug|Any CPU
		{BD8D8724-CA5A-45ED-86B6-E15DA2DBD989}.Debug|Any CPU.Build.0 = Debug|Any CPU
		{BD8D8724-CA5A-45ED-86B6-E15DA2DBD989}.Release|Any CPU.ActiveCfg = Release|Any CPU
		{BD8D8724-CA5A-45ED-86B6-E15DA2DBD989}.Release|Any CPU.Build.0 = Release|Any CPU
	EndGlobalSection
	GlobalSection(SolutionProperties) = preSolution
		HideSolutionNode = FALSE
	EndGlobalSection
	GlobalSection(ExtensibilityGlobals) = postSolution
		SolutionGuid = {2F12D34D-7C43-4686-AFBE-B011A60C18EE}
	EndGlobalSection
EndGlobal
